
Microsoft Visual Studio Solution File, Format Version 12.00
# Visual Studio Version 17
VisualStudioVersion = 17.7.34202.233
MinimumVisualStudioVersion = 10.0.40219.1
Project("{FAE04EC0-301F-11D3-BF4B-00C04F79EFBC}") = "ExerciciosPOO1", "ExerciciosPOO1\ExerciciosPOO1.csproj", "{29787238-6125-4814-B8B2-CC68A381AA61}"
EndProject
Global
	GlobalSection(SolutionConfigurationPlatforms) = preSolution
		Debug|Any CPU = Debug|Any CPU
		Release|Any CPU = Release|Any CPU
	EndGlobalSection
	GlobalSection(ProjectConfigurationPlatforms) = postSolution
		{29787238-6125-4814-B8B2-CC68A381AA61}.Debug|Any CPU.ActiveCfg = Debug|Any CPU
		{29787238-6125-4814-B8B2-CC68A381AA61}.Debug|Any CPU.Build.0 = Debug|Any CPU
		{29787238-6125-4814-B8B2-CC68A381AA61}.Release|Any CPU.ActiveCfg = Release|Any CPU
		{29787238-6125-4814-B8B2-CC68A381AA61}.Release|Any CPU.Build.0 = Release|Any CPU
	EndGlobalSection
	GlobalSection(SolutionProperties) = preSolution
		HideSolutionNode = FALSE
	EndGlobalSection
	GlobalSection(ExtensibilityGlobals) = postSolution
		SolutionGuid = {89481AD5-E5D2-4D6E-9615-71D48E7FC2C2}
	EndGlobalSection
EndGlobal
