
Microsoft Visual Studio Solution File, Format Version 12.00
# Visual Studio Version 17
VisualStudioVersion = 17.7.34221.43
MinimumVisualStudioVersion = 10.0.40219.1
Project("{FAE04EC0-301F-11D3-BF4B-00C04F79EFBC}") = "ExerciciosPOO3", "ExerciciosPOO3\ExerciciosPOO3.csproj", "{9D2AC72C-7B1C-484E-8FD2-7044D9FBD048}"
EndProject
Global
	GlobalSection(SolutionConfigurationPlatforms) = preSolution
		Debug|Any CPU = Debug|Any CPU
		Release|Any CPU = Release|Any CPU
	EndGlobalSection
	GlobalSection(ProjectConfigurationPlatforms) = postSolution
		{9D2AC72C-7B1C-484E-8FD2-7044D9FBD048}.Debug|Any CPU.ActiveCfg = Debug|Any CPU
		{9D2AC72C-7B1C-484E-8FD2-7044D9FBD048}.Debug|Any CPU.Build.0 = Debug|Any CPU
		{9D2AC72C-7B1C-484E-8FD2-7044D9FBD048}.Release|Any CPU.ActiveCfg = Release|Any CPU
		{9D2AC72C-7B1C-484E-8FD2-7044D9FBD048}.Release|Any CPU.Build.0 = Release|Any CPU
	EndGlobalSection
	GlobalSection(SolutionProperties) = preSolution
		HideSolutionNode = FALSE
	EndGlobalSection
	GlobalSection(ExtensibilityGlobals) = postSolution
		SolutionGuid = {1CE91DD9-FF4D-4A81-814D-B764D5D6EDDC}
	EndGlobalSection
EndGlobal
