
Microsoft Visual Studio Solution File, Format Version 12.00
# Visual Studio Version 17
VisualStudioVersion = 17.7.34202.233
MinimumVisualStudioVersion = 10.0.40219.1
Project("{FAE04EC0-301F-11D3-BF4B-00C04F79EFBC}") = "Exercicio1POO", "Exercicio1POO\Exercicio1POO.csproj", "{39378162-53E7-44EB-A360-E3C87E21C417}"
EndProject
Global
	GlobalSection(SolutionConfigurationPlatforms) = preSolution
		Debug|Any CPU = Debug|Any CPU
		Release|Any CPU = Release|Any CPU
	EndGlobalSection
	GlobalSection(ProjectConfigurationPlatforms) = postSolution
		{39378162-53E7-44EB-A360-E3C87E21C417}.Debug|Any CPU.ActiveCfg = Debug|Any CPU
		{39378162-53E7-44EB-A360-E3C87E21C417}.Debug|Any CPU.Build.0 = Debug|Any CPU
		{39378162-53E7-44EB-A360-E3C87E21C417}.Release|Any CPU.ActiveCfg = Release|Any CPU
		{39378162-53E7-44EB-A360-E3C87E21C417}.Release|Any CPU.Build.0 = Release|Any CPU
	EndGlobalSection
	GlobalSection(SolutionProperties) = preSolution
		HideSolutionNode = FALSE
	EndGlobalSection
	GlobalSection(ExtensibilityGlobals) = postSolution
		SolutionGuid = {89481AD5-E5D2-4D6E-9615-71D48E7FC2C2}
	EndGlobalSection
EndGlobal
